
Microsoft Visual Studio Solution File, Format Version 12.00
# Visual Studio Version 16
VisualStudioVersion = 16.0.29609.76
MinimumVisualStudioVersion = 15.0.26124.0
Project("{9A19103F-16F7-4668-BE54-9A1E7A4F7556}") = "API.Client", "src\API.Client\API.Client.csproj", "{B597AE84-52FD-4F11-8E15-FCA875B4A5EE}"
EndProject
Project("{FAE04EC0-301F-11D3-BF4B-00C04F79EFBC}") = "API.DTOs", "src\API.DTOs\API.DTOs.csproj", "{876576C8-FBF6-4A77-BBA4-62C422681E58}"
EndProject
Global
	GlobalSection(SolutionConfigurationPlatforms) = preSolution
		Debug|Any CPU = Debug|Any CPU
		Debug|x64 = Debug|x64
		Debug|x86 = Debug|x86
		Release|Any CPU = Release|Any CPU
		Release|x64 = Release|x64
		Release|x86 = Release|x86
	EndGlobalSection
	GlobalSection(ProjectConfigurationPlatforms) = postSolution
		{B597AE84-52FD-4F11-8E15-FCA875B4A5EE}.Debug|Any CPU.ActiveCfg = Debug|Any CPU
		{B597AE84-52FD-4F11-8E15-FCA875B4A5EE}.Debug|Any CPU.Build.0 = Debug|Any CPU
		{B597AE84-52FD-4F11-8E15-FCA875B4A5EE}.Debug|x64.ActiveCfg = Debug|Any CPU
		{B597AE84-52FD-4F11-8E15-FCA875B4A5EE}.Debug|x64.Build.0 = Debug|Any CPU
		{B597AE84-52FD-4F11-8E15-FCA875B4A5EE}.Debug|x86.ActiveCfg = Debug|Any CPU
		{B597AE84-52FD-4F11-8E15-FCA875B4A5EE}.Debug|x86.Build.0 = Debug|Any CPU
		{B597AE84-52FD-4F11-8E15-FCA875B4A5EE}.Release|Any CPU.ActiveCfg = Release|Any CPU
		{B597AE84-52FD-4F11-8E15-FCA875B4A5EE}.Release|Any CPU.Build.0 = Release|Any CPU
		{B597AE84-52FD-4F11-8E15-FCA875B4A5EE}.Release|x64.ActiveCfg = Release|Any CPU
		{B597AE84-52FD-4F11-8E15-FCA875B4A5EE}.Release|x64.Build.0 = Release|Any CPU
		{B597AE84-52FD-4F11-8E15-FCA875B4A5EE}.Release|x86.ActiveCfg = Release|Any CPU
		{B597AE84-52FD-4F11-8E15-FCA875B4A5EE}.Release|x86.Build.0 = Release|Any CPU
		{876576C8-FBF6-4A77-BBA4-62C422681E58}.Debug|Any CPU.ActiveCfg = Debug|Any CPU
		{876576C8-FBF6-4A77-BBA4-62C422681E58}.Debug|Any CPU.Build.0 = Debug|Any CPU
		{876576C8-FBF6-4A77-BBA4-62C422681E58}.Debug|x64.ActiveCfg = Debug|Any CPU
		{876576C8-FBF6-4A77-BBA4-62C422681E58}.Debug|x64.Build.0 = Debug|Any CPU
		{876576C8-FBF6-4A77-BBA4-62C422681E58}.Debug|x86.ActiveCfg = Debug|Any CPU
		{876576C8-FBF6-4A77-BBA4-62C422681E58}.Debug|x86.Build.0 = Debug|Any CPU
		{876576C8-FBF6-4A77-BBA4-62C422681E58}.Release|Any CPU.ActiveCfg = Release|Any CPU
		{876576C8-FBF6-4A77-BBA4-62C422681E58}.Release|Any CPU.Build.0 = Release|Any CPU
		{876576C8-FBF6-4A77-BBA4-62C422681E58}.Release|x64.ActiveCfg = Release|Any CPU
		{876576C8-FBF6-4A77-BBA4-62C422681E58}.Release|x64.Build.0 = Release|Any CPU
		{876576C8-FBF6-4A77-BBA4-62C422681E58}.Release|x86.ActiveCfg = Release|Any CPU
		{876576C8-FBF6-4A77-BBA4-62C422681E58}.Release|x86.Build.0 = Release|Any CPU
	EndGlobalSection
	GlobalSection(SolutionProperties) = preSolution
		HideSolutionNode = FALSE
	EndGlobalSection
	GlobalSection(ExtensibilityGlobals) = postSolution
		SolutionGuid = {6CDBA74A-9997-4D7E-93D3-EB5429ED1481}
	EndGlobalSection
EndGlobal
